
Microsoft Visual Studio Solution File, Format Version 10.00
# Visual C# Express 2008
Project("{FAE04EC0-301F-11D3-BF4B-00C04F79EFBC}") = "BegVCSharp_27_1a_FirstLINQtoSQLQuery", "BegVCSharp_27_1a_FirstLINQtoSQLQuery\BegVCSharp_27_1a_FirstLINQtoSQLQuery.csproj", "{31C07C0A-B773-413F-8FB9-6160DFB9A699}"
EndProject
Project("{FAE04EC0-301F-11D3-BF4B-00C04F79EFBC}") = "BegVCSharp_27_1b_NavigateRelationships", "BegVCSharp_27_1b_FirstLINQtoSQLQuery\BegVCSharp_27_1b_NavigateRelationships.csproj", "{C845B920-8253-4E69-989E-BC965E5440F4}"
EndProject
Project("{FAE04EC0-301F-11D3-BF4B-00C04F79EFBC}") = "BegVCSharp_27_1c_DrillDown", "BegVCSharp_27_1c_FirstLINQtoSQLQuery\BegVCSharp_27_1c_DrillDown.csproj", "{7318E56F-E916-45BB-9E8C-8198A870B8AA}"
EndProject
Project("{FAE04EC0-301F-11D3-BF4B-00C04F79EFBC}") = "BegVCSharp_27_1d_GroupOrderQuery", "BegVCSharp_27_1d_FirstLINQtoSQLQuery\BegVCSharp_27_1d_GroupOrderQuery.csproj", "{A490DAC4-3E27-4537-8B10-EF116CE21A78}"
EndProject
Global
	GlobalSection(SolutionConfigurationPlatforms) = preSolution
		Debug|Any CPU = Debug|Any CPU
		Release|Any CPU = Release|Any CPU
	EndGlobalSection
	GlobalSection(ProjectConfigurationPlatforms) = postSolution
		{31C07C0A-B773-413F-8FB9-6160DFB9A699}.Debug|Any CPU.ActiveCfg = Debug|Any CPU
		{31C07C0A-B773-413F-8FB9-6160DFB9A699}.Debug|Any CPU.Build.0 = Debug|Any CPU
		{31C07C0A-B773-413F-8FB9-6160DFB9A699}.Release|Any CPU.ActiveCfg = Release|Any CPU
		{31C07C0A-B773-413F-8FB9-6160DFB9A699}.Release|Any CPU.Build.0 = Release|Any CPU
		{C845B920-8253-4E69-989E-BC965E5440F4}.Debug|Any CPU.ActiveCfg = Debug|Any CPU
		{C845B920-8253-4E69-989E-BC965E5440F4}.Debug|Any CPU.Build.0 = Debug|Any CPU
		{C845B920-8253-4E69-989E-BC965E5440F4}.Release|Any CPU.ActiveCfg = Release|Any CPU
		{C845B920-8253-4E69-989E-BC965E5440F4}.Release|Any CPU.Build.0 = Release|Any CPU
		{7318E56F-E916-45BB-9E8C-8198A870B8AA}.Debug|Any CPU.ActiveCfg = Debug|Any CPU
		{7318E56F-E916-45BB-9E8C-8198A870B8AA}.Debug|Any CPU.Build.0 = Debug|Any CPU
		{7318E56F-E916-45BB-9E8C-8198A870B8AA}.Release|Any CPU.ActiveCfg = Release|Any CPU
		{7318E56F-E916-45BB-9E8C-8198A870B8AA}.Release|Any CPU.Build.0 = Release|Any CPU
		{A490DAC4-3E27-4537-8B10-EF116CE21A78}.Debug|Any CPU.ActiveCfg = Debug|Any CPU
		{A490DAC4-3E27-4537-8B10-EF116CE21A78}.Debug|Any CPU.Build.0 = Debug|Any CPU
		{A490DAC4-3E27-4537-8B10-EF116CE21A78}.Release|Any CPU.ActiveCfg = Release|Any CPU
		{A490DAC4-3E27-4537-8B10-EF116CE21A78}.Release|Any CPU.Build.0 = Release|Any CPU
	EndGlobalSection
	GlobalSection(SolutionProperties) = preSolution
		HideSolutionNode = FALSE
	EndGlobalSection
EndGlobal
