
Microsoft Visual Studio Solution File, Format Version 10.00
# Visual C# Express 2008
Project("{FAE04EC0-301F-11D3-BF4B-00C04F79EFBC}") = "BegVCSharp_29_1b_LINQtoXMLElementText", "BegVCSharp_29_1b_LINQtoXMLElementText\BegVCSharp_29_1b_LINQtoXMLElementText.csproj", "{AB43655C-8DD5-4AB6-890E-50B62DD5B17D}"
EndProject
Global
	GlobalSection(SolutionConfigurationPlatforms) = preSolution
		Debug|Any CPU = Debug|Any CPU
		Release|Any CPU = Release|Any CPU
	EndGlobalSection
	GlobalSection(ProjectConfigurationPlatforms) = postSolution
		{AB43655C-8DD5-4AB6-890E-50B62DD5B17D}.Debug|Any CPU.ActiveCfg = Debug|Any CPU
		{AB43655C-8DD5-4AB6-890E-50B62DD5B17D}.Debug|Any CPU.Build.0 = Debug|Any CPU
		{AB43655C-8DD5-4AB6-890E-50B62DD5B17D}.Release|Any CPU.ActiveCfg = Release|Any CPU
		{AB43655C-8DD5-4AB6-890E-50B62DD5B17D}.Release|Any CPU.Build.0 = Release|Any CPU
	EndGlobalSection
	GlobalSection(SolutionProperties) = preSolution
		HideSolutionNode = FALSE
	EndGlobalSection
EndGlobal
