
Microsoft Visual Studio Solution File, Format Version 10.00
# Visual Studio Codename Orcas
Project("{FAE04EC0-301F-11D3-BF4B-00C04F79EFBC}") = "DataRelationExample", "DataRelationExample\DataRelationExample.csproj", "{C312268E-0359-4A84-8656-EE53A7E61935}"
EndProject
Global
	GlobalSection(SolutionConfigurationPlatforms) = preSolution
		Debug|Any CPU = Debug|Any CPU
		Release|Any CPU = Release|Any CPU
	EndGlobalSection
	GlobalSection(ProjectConfigurationPlatforms) = postSolution
		{C312268E-0359-4A84-8656-EE53A7E61935}.Debug|Any CPU.ActiveCfg = Debug|Any CPU
		{C312268E-0359-4A84-8656-EE53A7E61935}.Debug|Any CPU.Build.0 = Debug|Any CPU
		{C312268E-0359-4A84-8656-EE53A7E61935}.Release|Any CPU.ActiveCfg = Release|Any CPU
		{C312268E-0359-4A84-8656-EE53A7E61935}.Release|Any CPU.Build.0 = Release|Any CPU
	EndGlobalSection
	GlobalSection(SolutionProperties) = preSolution
		HideSolutionNode = FALSE
	EndGlobalSection
EndGlobal
