
Microsoft Visual Studio Solution File, Format Version 10.00
# Visual Studio Codename Orcas
Project("{FAE04EC0-301F-11D3-BF4B-00C04F79EFBC}") = "DataReading", "DataReading\DataReading.csproj", "{2BD1324C-1F62-4880-9331-838E5F7DFDA8}"
EndProject
Global
	GlobalSection(SolutionConfigurationPlatforms) = preSolution
		Debug|Any CPU = Debug|Any CPU
		Release|Any CPU = Release|Any CPU
	EndGlobalSection
	GlobalSection(ProjectConfigurationPlatforms) = postSolution
		{2BD1324C-1F62-4880-9331-838E5F7DFDA8}.Debug|Any CPU.ActiveCfg = Debug|Any CPU
		{2BD1324C-1F62-4880-9331-838E5F7DFDA8}.Debug|Any CPU.Build.0 = Debug|Any CPU
		{2BD1324C-1F62-4880-9331-838E5F7DFDA8}.Release|Any CPU.ActiveCfg = Release|Any CPU
		{2BD1324C-1F62-4880-9331-838E5F7DFDA8}.Release|Any CPU.Build.0 = Release|Any CPU
	EndGlobalSection
	GlobalSection(SolutionProperties) = preSolution
		HideSolutionNode = FALSE
	EndGlobalSection
EndGlobal
