
Microsoft Visual Studio Solution File, Format Version 10.00
# Visual Studio 2008
Project("{FAE04EC0-301F-11D3-BF4B-00C04F79EFBC}") = "PictureServer", "PictureServer\PictureServer.csproj", "{58D065B2-ADE8-4C0B-A7AB-5BE94C083B0B}"
EndProject
Project("{FAE04EC0-301F-11D3-BF4B-00C04F79EFBC}") = "PictureClient", "PictureClient\PictureClient.csproj", "{CF5A57B4-ACA4-4027-8DA6-8FCC15F1B621}"
EndProject
Global
	GlobalSection(SolutionConfigurationPlatforms) = preSolution
		Debug|Any CPU = Debug|Any CPU
		Release|Any CPU = Release|Any CPU
	EndGlobalSection
	GlobalSection(ProjectConfigurationPlatforms) = postSolution
		{58D065B2-ADE8-4C0B-A7AB-5BE94C083B0B}.Debug|Any CPU.ActiveCfg = Debug|Any CPU
		{58D065B2-ADE8-4C0B-A7AB-5BE94C083B0B}.Debug|Any CPU.Build.0 = Debug|Any CPU
		{58D065B2-ADE8-4C0B-A7AB-5BE94C083B0B}.Release|Any CPU.ActiveCfg = Release|Any CPU
		{58D065B2-ADE8-4C0B-A7AB-5BE94C083B0B}.Release|Any CPU.Build.0 = Release|Any CPU
		{CF5A57B4-ACA4-4027-8DA6-8FCC15F1B621}.Debug|Any CPU.ActiveCfg = Debug|Any CPU
		{CF5A57B4-ACA4-4027-8DA6-8FCC15F1B621}.Debug|Any CPU.Build.0 = Debug|Any CPU
		{CF5A57B4-ACA4-4027-8DA6-8FCC15F1B621}.Release|Any CPU.ActiveCfg = Release|Any CPU
		{CF5A57B4-ACA4-4027-8DA6-8FCC15F1B621}.Release|Any CPU.Build.0 = Release|Any CPU
	EndGlobalSection
	GlobalSection(SolutionProperties) = preSolution
		HideSolutionNode = FALSE
	EndGlobalSection
EndGlobal
