
Microsoft Visual Studio Solution File, Format Version 10.00
# Visual C# Express 2008
Project("{FAE04EC0-301F-11D3-BF4B-00C04F79EFBC}") = "Ch11Ex01", "Ch11Ex01\Ch11Ex01.csproj", "{32F71A8D-402C-42C8-BE25-8F40DE92102B}"
EndProject
Global
	GlobalSection(SolutionConfigurationPlatforms) = preSolution
		Debug|Any CPU = Debug|Any CPU
		Release|Any CPU = Release|Any CPU
	EndGlobalSection
	GlobalSection(ProjectConfigurationPlatforms) = postSolution
		{32F71A8D-402C-42C8-BE25-8F40DE92102B}.Debug|Any CPU.ActiveCfg = Debug|Any CPU
		{32F71A8D-402C-42C8-BE25-8F40DE92102B}.Debug|Any CPU.Build.0 = Debug|Any CPU
		{32F71A8D-402C-42C8-BE25-8F40DE92102B}.Release|Any CPU.ActiveCfg = Release|Any CPU
		{32F71A8D-402C-42C8-BE25-8F40DE92102B}.Release|Any CPU.Build.0 = Release|Any CPU
	EndGlobalSection
	GlobalSection(SolutionProperties) = preSolution
		HideSolutionNode = FALSE
	EndGlobalSection
EndGlobal
