
Microsoft Visual Studio Solution File, Format Version 10.00
# Visual C# Express 2008
Project("{FAE04EC0-301F-11D3-BF4B-00C04F79EFBC}") = "Ch05Ex03", "Ch05Ex03\Ch05Ex03.csproj", "{B873B889-B94C-424B-8533-BE343A5CC899}"
EndProject
Global
	GlobalSection(SolutionConfigurationPlatforms) = preSolution
		Debug|Any CPU = Debug|Any CPU
		Release|Any CPU = Release|Any CPU
	EndGlobalSection
	GlobalSection(ProjectConfigurationPlatforms) = postSolution
		{B873B889-B94C-424B-8533-BE343A5CC899}.Debug|Any CPU.ActiveCfg = Debug|Any CPU
		{B873B889-B94C-424B-8533-BE343A5CC899}.Debug|Any CPU.Build.0 = Debug|Any CPU
		{B873B889-B94C-424B-8533-BE343A5CC899}.Release|Any CPU.ActiveCfg = Release|Any CPU
		{B873B889-B94C-424B-8533-BE343A5CC899}.Release|Any CPU.Build.0 = Release|Any CPU
	EndGlobalSection
	GlobalSection(SolutionProperties) = preSolution
		HideSolutionNode = FALSE
	EndGlobalSection
EndGlobal
