
Microsoft Visual Studio Solution File, Format Version 10.00
# Visual C# Express 2008
Project("{FAE04EC0-301F-11D3-BF4B-00C04F79EFBC}") = "Ch03Ex02", "Ch03Ex02\Ch03Ex02.csproj", "{C455CB07-00CB-4B79-93C1-D33136C1837F}"
EndProject
Global
	GlobalSection(SolutionConfigurationPlatforms) = preSolution
		Debug|Any CPU = Debug|Any CPU
		Release|Any CPU = Release|Any CPU
	EndGlobalSection
	GlobalSection(ProjectConfigurationPlatforms) = postSolution
		{C455CB07-00CB-4B79-93C1-D33136C1837F}.Debug|Any CPU.ActiveCfg = Debug|Any CPU
		{C455CB07-00CB-4B79-93C1-D33136C1837F}.Debug|Any CPU.Build.0 = Debug|Any CPU
		{C455CB07-00CB-4B79-93C1-D33136C1837F}.Release|Any CPU.ActiveCfg = Release|Any CPU
		{C455CB07-00CB-4B79-93C1-D33136C1837F}.Release|Any CPU.Build.0 = Release|Any CPU
	EndGlobalSection
	GlobalSection(SolutionProperties) = preSolution
		HideSolutionNode = FALSE
	EndGlobalSection
EndGlobal
