
Microsoft Visual Studio Solution File, Format Version 10.00
# Visual C# Express 2008
Project("{FAE04EC0-301F-11D3-BF4B-00C04F79EFBC}") = "StreamRead", "StreamRead\StreamRead.csproj", "{A0CD4C3C-75D9-4F08-B24F-7027E550599B}"
EndProject
Global
	GlobalSection(SolutionConfigurationPlatforms) = preSolution
		Debug|Any CPU = Debug|Any CPU
		Release|Any CPU = Release|Any CPU
	EndGlobalSection
	GlobalSection(ProjectConfigurationPlatforms) = postSolution
		{A0CD4C3C-75D9-4F08-B24F-7027E550599B}.Debug|Any CPU.ActiveCfg = Debug|Any CPU
		{A0CD4C3C-75D9-4F08-B24F-7027E550599B}.Debug|Any CPU.Build.0 = Debug|Any CPU
		{A0CD4C3C-75D9-4F08-B24F-7027E550599B}.Release|Any CPU.ActiveCfg = Release|Any CPU
		{A0CD4C3C-75D9-4F08-B24F-7027E550599B}.Release|Any CPU.Build.0 = Release|Any CPU
	EndGlobalSection
	GlobalSection(SolutionProperties) = preSolution
		HideSolutionNode = FALSE
	EndGlobalSection
EndGlobal
