
Microsoft Visual Studio Solution File, Format Version 10.00
# Visual C# Express 2008
Project("{FAE04EC0-301F-11D3-BF4B-00C04F79EFBC}") = "Ch04Ex05", "Ch04Ex05\Ch04Ex05.csproj", "{F6AD7D47-844A-4B58-88CF-7E7FBC094844}"
EndProject
Global
	GlobalSection(SolutionConfigurationPlatforms) = preSolution
		Debug|Any CPU = Debug|Any CPU
		Release|Any CPU = Release|Any CPU
	EndGlobalSection
	GlobalSection(ProjectConfigurationPlatforms) = postSolution
		{F6AD7D47-844A-4B58-88CF-7E7FBC094844}.Debug|Any CPU.ActiveCfg = Debug|Any CPU
		{F6AD7D47-844A-4B58-88CF-7E7FBC094844}.Debug|Any CPU.Build.0 = Debug|Any CPU
		{F6AD7D47-844A-4B58-88CF-7E7FBC094844}.Release|Any CPU.ActiveCfg = Release|Any CPU
		{F6AD7D47-844A-4B58-88CF-7E7FBC094844}.Release|Any CPU.Build.0 = Release|Any CPU
	EndGlobalSection
	GlobalSection(SolutionProperties) = preSolution
		HideSolutionNode = FALSE
	EndGlobalSection
EndGlobal
