
Microsoft Visual Studio Solution File, Format Version 10.00
# Visual C# Express 2008
Project("{FAE04EC0-301F-11D3-BF4B-00C04F79EFBC}") = "Ch12Ex04", "Ch12Ex04\Ch12Ex04.csproj", "{C12A940B-0749-4A5D-B9AA-31B48E262E17}"
EndProject
Global
	GlobalSection(SolutionConfigurationPlatforms) = preSolution
		Debug|Any CPU = Debug|Any CPU
		Release|Any CPU = Release|Any CPU
	EndGlobalSection
	GlobalSection(ProjectConfigurationPlatforms) = postSolution
		{C12A940B-0749-4A5D-B9AA-31B48E262E17}.Debug|Any CPU.ActiveCfg = Debug|Any CPU
		{C12A940B-0749-4A5D-B9AA-31B48E262E17}.Debug|Any CPU.Build.0 = Debug|Any CPU
		{C12A940B-0749-4A5D-B9AA-31B48E262E17}.Release|Any CPU.ActiveCfg = Release|Any CPU
		{C12A940B-0749-4A5D-B9AA-31B48E262E17}.Release|Any CPU.Build.0 = Release|Any CPU
	EndGlobalSection
	GlobalSection(SolutionProperties) = preSolution
		HideSolutionNode = FALSE
	EndGlobalSection
EndGlobal
